Microsoft Visual Studio Solution File, Format Version 12.00
# Visual Studio Version 17
VisualStudioVersion = 17.0.31903.59
MinimumVisualStudioVersion = 10.0.40219.1
Project("{2150E333-8FDC-42A3-9474-1A3956D46DE8}") = "src", "src", "{52B461AD-6511-4DE9-89DA-1105938761F9}"
EndProject
Project("{FAE04EC0-301F-11D3-BF4B-00C04F79EFBC}") = "BBT.Workflow.Domain", "src\BBT.Workflow.Domain\BBT.Workflow.Domain.csproj", "{AE64F995-6AC6-4B2C-B9AB-B01B97137DAB}"
EndProject
Project("{FAE04EC0-301F-11D3-BF4B-00C04F79EFBC}") = "BBT.Workflow.Application", "src\BBT.Workflow.Application\BBT.Workflow.Application.csproj", "{02695842-A9BF-4CA1-8DDF-9EDBF531645B}"
EndProject
Project("{FAE04EC0-301F-11D3-BF4B-00C04F79EFBC}") = "BBT.Workflow.Infrastructure", "src\BBT.Workflow.Infrastructure\BBT.Workflow.Infrastructure.csproj", "{4AFA44DE-D4EF-477D-A24F-BC550FD9431C}"
EndProject
Project("{2150E333-8FDC-42A3-9474-1A3956D46DE8}") = "test", "test", "{A87D1A41-340F-49E2-8529-08A9BF778DCC}"
EndProject
Project("{FAE04EC0-301F-11D3-BF4B-00C04F79EFBC}") = "BBT.Workflow.Domain.Tests", "test\BBT.Workflow.Domain.Tests\BBT.Workflow.Domain.Tests.csproj", "{BFD407CC-A548-4AB6-974B-7316F71BD5BB}"
EndProject
Project("{FAE04EC0-301F-11D3-BF4B-00C04F79EFBC}") = "BBT.Workflow.Application.Tests", "test\BBT.Workflow.Application.Tests\BBT.Workflow.Application.Tests.csproj", "{2D652423-8D25-423A-883D-880523932C0C}"
EndProject
Project("{FAE04EC0-301F-11D3-BF4B-00C04F79EFBC}") = "BBT.Workflow.Infrastructure.Tests", "test\BBT.Workflow.Infrastructure.Tests\BBT.Workflow.Infrastructure.Tests.csproj", "{9B583EC4-D004-471A-8F07-702A19CC58D0}"
EndProject
Project("{FAE04EC0-301F-11D3-BF4B-00C04F79EFBC}") = "BBT.Workflow.TestBase", "test\BBT.Workflow.TestBase\BBT.Workflow.TestBase.csproj", "{DC122704-2ACB-4A6D-8FC0-F68CE491CDE5}"
EndProject
Project("{2150E333-8FDC-42A3-9474-1A3956D46DE8}") = "modules", "modules", "{31781090-EFBD-4726-BE33-47518EE7527F}"
EndProject
Project("{FAE04EC0-301F-11D3-BF4B-00C04F79EFBC}") = "BBT.Workflow.Modules.Scripting", "modules\BBT.Workflow.Modules.Scripting\BBT.Workflow.Modules.Scripting.csproj", "{E073596C-7128-468A-882F-716FFF2A96BC}"
EndProject
Project("{2150E333-8FDC-42A3-9474-1A3956D46DE8}") = "execution", "execution", "{E33E4442-2B07-4F8F-BCE9-2B7B8BBCC1A2}"
EndProject
Project("{FAE04EC0-301F-11D3-BF4B-00C04F79EFBC}") = "BBT.Workflow.Execution.HttpApi.Host", "execution\BBT.Workflow.Execution.HttpApi.Host\BBT.Workflow.Execution.HttpApi.Host.csproj", "{C3065107-D000-4D4C-AE82-5BDC77820601}"
EndProject
Project("{2150E333-8FDC-42A3-9474-1A3956D46DE8}") = "orchestration", "orchestration", "{FF223DC6-2E83-421D-B8D4-872DE1307397}"
EndProject
Project("{FAE04EC0-301F-11D3-BF4B-00C04F79EFBC}") = "BBT.Workflow.Orchestration.HttpApi.Host", "orchestration\BBT.Workflow.Orchestration.HttpApi.Host\BBT.Workflow.Orchestration.HttpApi.Host.csproj", "{3509EF1B-39C1-4662-B55D-C1AAF27086CB}"
EndProject
Project("{FAE04EC0-301F-11D3-BF4B-00C04F79EFBC}") = "BBT.Workflow.HttpApi.Shared", "src\BBT.Workflow.HttpApi.Shared\BBT.Workflow.HttpApi.Shared.csproj", "{3EF9AAC0-6256-4AD0-8B1C-6ADE8B770CA7}"
EndProject
Project("{FAE04EC0-301F-11D3-BF4B-00C04F79EFBC}") = "BBT.Workflow.Events.Contracts", "src\BBT.Workflow.Events.Contracts\BBT.Workflow.Events.Contracts.csproj", "{D48AADCF-012E-4EFB-93EA-4A5B4D49A024}"
EndProject
Project("{2150E333-8FDC-42A3-9474-1A3956D46DE8}") = "workers", "workers", "{E991E0BF-8F17-4AA2-8436-9911E5D1A3E8}"
EndProject
Project("{FAE04EC0-301F-11D3-BF4B-00C04F79EFBC}") = "BBT.Workflow.Workers.Outbox", "workers\BBT.Workflow.Workers.Outbox\BBT.Workflow.Workers.Outbox.csproj", "{033E6AA4-2204-43F4-A8E7-3F8D63390B57}"
EndProject
Project("{FAE04EC0-301F-11D3-BF4B-00C04F79EFBC}") = "BBT.Workflow.Workers.Inbox", "workers\BBT.Workflow.Workers.Inbox\BBT.Workflow.Workers.Inbox.csproj", "{16483393-012F-43FB-ADAC-1FA1D5921623}"
EndProject
Project("{FAE04EC0-301F-11D3-BF4B-00C04F79EFBC}") = "BBT.Workflow.Execution", "src\BBT.Workflow.Execution\BBT.Workflow.Execution.csproj", "{9BCC4934-61DD-48AB-BE38-200C08D2A728}"
EndProject
Project("{FAE04EC0-301F-11D3-BF4B-00C04F79EFBC}") = "BBT.Workflow.Execution.Abstractions", "src\BBT.Workflow.Execution.Abstractions\BBT.Workflow.Execution.Abstractions.csproj", "{41B0C62A-712A-4064-9C1E-E9E2570667FE}"
EndProject
Project("{FAE04EC0-301F-11D3-BF4B-00C04F79EFBC}") = "BBT.Workflow.Tasks.Abstractions", "src\BBT.Workflow.Tasks.Abstractions\BBT.Workflow.Tasks.Abstractions.csproj", "{F7F66E71-C760-4BB1-8002-619310F4C22F}"
EndProject
Global
	GlobalSection(SolutionConfigurationPlatforms) = preSolution
		Debug|Any CPU = Debug|Any CPU
		Release|Any CPU = Release|Any CPU
	EndGlobalSection
	GlobalSection(SolutionProperties) = preSolution
		HideSolutionNode = FALSE
	EndGlobalSection
	GlobalSection(NestedProjects) = preSolution
		{AE64F995-6AC6-4B2C-B9AB-B01B97137DAB} = {52B461AD-6511-4DE9-89DA-1105938761F9}
		{02695842-A9BF-4CA1-8DDF-9EDBF531645B} = {52B461AD-6511-4DE9-89DA-1105938761F9}
		{4AFA44DE-D4EF-477D-A24F-BC550FD9431C} = {52B461AD-6511-4DE9-89DA-1105938761F9}
		{BFD407CC-A548-4AB6-974B-7316F71BD5BB} = {A87D1A41-340F-49E2-8529-08A9BF778DCC}
		{2D652423-8D25-423A-883D-880523932C0C} = {A87D1A41-340F-49E2-8529-08A9BF778DCC}
		{9B583EC4-D004-471A-8F07-702A19CC58D0} = {A87D1A41-340F-49E2-8529-08A9BF778DCC}
		{DC122704-2ACB-4A6D-8FC0-F68CE491CDE5} = {A87D1A41-340F-49E2-8529-08A9BF778DCC}
		{E073596C-7128-468A-882F-716FFF2A96BC} = {31781090-EFBD-4726-BE33-47518EE7527F}
		{C3065107-D000-4D4C-AE82-5BDC77820601} = {E33E4442-2B07-4F8F-BCE9-2B7B8BBCC1A2}
		{3509EF1B-39C1-4662-B55D-C1AAF27086CB} = {FF223DC6-2E83-421D-B8D4-872DE1307397}
		{3EF9AAC0-6256-4AD0-8B1C-6ADE8B770CA7} = {52B461AD-6511-4DE9-89DA-1105938761F9}
		{D48AADCF-012E-4EFB-93EA-4A5B4D49A024} = {52B461AD-6511-4DE9-89DA-1105938761F9}
		{033E6AA4-2204-43F4-A8E7-3F8D63390B57} = {E991E0BF-8F17-4AA2-8436-9911E5D1A3E8}
		{16483393-012F-43FB-ADAC-1FA1D5921623} = {E991E0BF-8F17-4AA2-8436-9911E5D1A3E8}
		{9BCC4934-61DD-48AB-BE38-200C08D2A728} = {52B461AD-6511-4DE9-89DA-1105938761F9}
		{41B0C62A-712A-4064-9C1E-E9E2570667FE} = {52B461AD-6511-4DE9-89DA-1105938761F9}
		{F7F66E71-C760-4BB1-8002-619310F4C22F} = {52B461AD-6511-4DE9-89DA-1105938761F9}
	EndGlobalSection
	GlobalSection(ProjectConfigurationPlatforms) = postSolution
		{AE64F995-6AC6-4B2C-B9AB-B01B97137DAB}.Debug|Any CPU.ActiveCfg = Debug|Any CPU
		{AE64F995-6AC6-4B2C-B9AB-B01B97137DAB}.Debug|Any CPU.Build.0 = Debug|Any CPU
		{AE64F995-6AC6-4B2C-B9AB-B01B97137DAB}.Release|Any CPU.ActiveCfg = Release|Any CPU
		{AE64F995-6AC6-4B2C-B9AB-B01B97137DAB}.Release|Any CPU.Build.0 = Release|Any CPU
		{02695842-A9BF-4CA1-8DDF-9EDBF531645B}.Debug|Any CPU.ActiveCfg = Debug|Any CPU
		{02695842-A9BF-4CA1-8DDF-9EDBF531645B}.Debug|Any CPU.Build.0 = Debug|Any CPU
		{02695842-A9BF-4CA1-8DDF-9EDBF531645B}.Release|Any CPU.ActiveCfg = Release|Any CPU
		{02695842-A9BF-4CA1-8DDF-9EDBF531645B}.Release|Any CPU.Build.0 = Release|Any CPU
		{4AFA44DE-D4EF-477D-A24F-BC550FD9431C}.Debug|Any CPU.ActiveCfg = Debug|Any CPU
		{4AFA44DE-D4EF-477D-A24F-BC550FD9431C}.Debug|Any CPU.Build.0 = Debug|Any CPU
		{4AFA44DE-D4EF-477D-A24F-BC550FD9431C}.Release|Any CPU.ActiveCfg = Release|Any CPU
		{4AFA44DE-D4EF-477D-A24F-BC550FD9431C}.Release|Any CPU.Build.0 = Release|Any CPU
		{BFD407CC-A548-4AB6-974B-7316F71BD5BB}.Debug|Any CPU.ActiveCfg = Debug|Any CPU
		{BFD407CC-A548-4AB6-974B-7316F71BD5BB}.Debug|Any CPU.Build.0 = Debug|Any CPU
		{BFD407CC-A548-4AB6-974B-7316F71BD5BB}.Release|Any CPU.ActiveCfg = Release|Any CPU
		{BFD407CC-A548-4AB6-974B-7316F71BD5BB}.Release|Any CPU.Build.0 = Release|Any CPU
		{2D652423-8D25-423A-883D-880523932C0C}.Debug|Any CPU.ActiveCfg = Debug|Any CPU
		{2D652423-8D25-423A-883D-880523932C0C}.Debug|Any CPU.Build.0 = Debug|Any CPU
		{2D652423-8D25-423A-883D-880523932C0C}.Release|Any CPU.ActiveCfg = Release|Any CPU
		{2D652423-8D25-423A-883D-880523932C0C}.Release|Any CPU.Build.0 = Release|Any CPU
		{9B583EC4-D004-471A-8F07-702A19CC58D0}.Debug|Any CPU.ActiveCfg = Debug|Any CPU
		{9B583EC4-D004-471A-8F07-702A19CC58D0}.Debug|Any CPU.Build.0 = Debug|Any CPU
		{9B583EC4-D004-471A-8F07-702A19CC58D0}.Release|Any CPU.ActiveCfg = Release|Any CPU
		{9B583EC4-D004-471A-8F07-702A19CC58D0}.Release|Any CPU.Build.0 = Release|Any CPU
		{DC122704-2ACB-4A6D-8FC0-F68CE491CDE5}.Debug|Any CPU.ActiveCfg = Debug|Any CPU
		{DC122704-2ACB-4A6D-8FC0-F68CE491CDE5}.Debug|Any CPU.Build.0 = Debug|Any CPU
		{DC122704-2ACB-4A6D-8FC0-F68CE491CDE5}.Release|Any CPU.ActiveCfg = Release|Any CPU
		{DC122704-2ACB-4A6D-8FC0-F68CE491CDE5}.Release|Any CPU.Build.0 = Release|Any CPU
		{E073596C-7128-468A-882F-716FFF2A96BC}.Debug|Any CPU.ActiveCfg = Debug|Any CPU
		{E073596C-7128-468A-882F-716FFF2A96BC}.Debug|Any CPU.Build.0 = Debug|Any CPU
		{E073596C-7128-468A-882F-716FFF2A96BC}.Release|Any CPU.ActiveCfg = Release|Any CPU
		{E073596C-7128-468A-882F-716FFF2A96BC}.Release|Any CPU.Build.0 = Release|Any CPU
		{C3065107-D000-4D4C-AE82-5BDC77820601}.Debug|Any CPU.ActiveCfg = Debug|Any CPU
		{C3065107-D000-4D4C-AE82-5BDC77820601}.Debug|Any CPU.Build.0 = Debug|Any CPU
		{C3065107-D000-4D4C-AE82-5BDC77820601}.Release|Any CPU.ActiveCfg = Release|Any CPU
		{C3065107-D000-4D4C-AE82-5BDC77820601}.Release|Any CPU.Build.0 = Release|Any CPU
		{3509EF1B-39C1-4662-B55D-C1AAF27086CB}.Debug|Any CPU.ActiveCfg = Debug|Any CPU
		{3509EF1B-39C1-4662-B55D-C1AAF27086CB}.Debug|Any CPU.Build.0 = Debug|Any CPU
		{3509EF1B-39C1-4662-B55D-C1AAF27086CB}.Release|Any CPU.ActiveCfg = Release|Any CPU
		{3509EF1B-39C1-4662-B55D-C1AAF27086CB}.Release|Any CPU.Build.0 = Release|Any CPU
		{3EF9AAC0-6256-4AD0-8B1C-6ADE8B770CA7}.Debug|Any CPU.ActiveCfg = Debug|Any CPU
		{3EF9AAC0-6256-4AD0-8B1C-6ADE8B770CA7}.Debug|Any CPU.Build.0 = Debug|Any CPU
		{3EF9AAC0-6256-4AD0-8B1C-6ADE8B770CA7}.Release|Any CPU.ActiveCfg = Release|Any CPU
		{3EF9AAC0-6256-4AD0-8B1C-6ADE8B770CA7}.Release|Any CPU.Build.0 = Release|Any CPU
		{D48AADCF-012E-4EFB-93EA-4A5B4D49A024}.Debug|Any CPU.ActiveCfg = Debug|Any CPU
		{D48AADCF-012E-4EFB-93EA-4A5B4D49A024}.Debug|Any CPU.Build.0 = Debug|Any CPU
		{D48AADCF-012E-4EFB-93EA-4A5B4D49A024}.Release|Any CPU.ActiveCfg = Release|Any CPU
		{D48AADCF-012E-4EFB-93EA-4A5B4D49A024}.Release|Any CPU.Build.0 = Release|Any CPU
		{033E6AA4-2204-43F4-A8E7-3F8D63390B57}.Debug|Any CPU.ActiveCfg = Debug|Any CPU
		{033E6AA4-2204-43F4-A8E7-3F8D63390B57}.Debug|Any CPU.Build.0 = Debug|Any CPU
		{033E6AA4-2204-43F4-A8E7-3F8D63390B57}.Release|Any CPU.ActiveCfg = Release|Any CPU
		{033E6AA4-2204-43F4-A8E7-3F8D63390B57}.Release|Any CPU.Build.0 = Release|Any CPU
		{16483393-012F-43FB-ADAC-1FA1D5921623}.Debug|Any CPU.ActiveCfg = Debug|Any CPU
		{16483393-012F-43FB-ADAC-1FA1D5921623}.Debug|Any CPU.Build.0 = Debug|Any CPU
		{16483393-012F-43FB-ADAC-1FA1D5921623}.Release|Any CPU.ActiveCfg = Release|Any CPU
		{16483393-012F-43FB-ADAC-1FA1D5921623}.Release|Any CPU.Build.0 = Release|Any CPU
		{9BCC4934-61DD-48AB-BE38-200C08D2A728}.Debug|Any CPU.ActiveCfg = Debug|Any CPU
		{9BCC4934-61DD-48AB-BE38-200C08D2A728}.Debug|Any CPU.Build.0 = Debug|Any CPU
		{9BCC4934-61DD-48AB-BE38-200C08D2A728}.Release|Any CPU.ActiveCfg = Release|Any CPU
		{9BCC4934-61DD-48AB-BE38-200C08D2A728}.Release|Any CPU.Build.0 = Release|Any CPU
		{41B0C62A-712A-4064-9C1E-E9E2570667FE}.Debug|Any CPU.ActiveCfg = Debug|Any CPU
		{41B0C62A-712A-4064-9C1E-E9E2570667FE}.Debug|Any CPU.Build.0 = Debug|Any CPU
		{41B0C62A-712A-4064-9C1E-E9E2570667FE}.Release|Any CPU.ActiveCfg = Release|Any CPU
		{41B0C62A-712A-4064-9C1E-E9E2570667FE}.Release|Any CPU.Build.0 = Release|Any CPU
		{F7F66E71-C760-4BB1-8002-619310F4C22F}.Debug|Any CPU.ActiveCfg = Debug|Any CPU
		{F7F66E71-C760-4BB1-8002-619310F4C22F}.Debug|Any CPU.Build.0 = Debug|Any CPU
		{F7F66E71-C760-4BB1-8002-619310F4C22F}.Release|Any CPU.ActiveCfg = Release|Any CPU
		{F7F66E71-C760-4BB1-8002-619310F4C22F}.Release|Any CPU.Build.0 = Release|Any CPU
	EndGlobalSection
EndGlobal
